
Microsoft Visual Studio Solution File, Format Version 12.00
# Visual Studio Version 16
VisualStudioVersion = 16.0.31321.278
MinimumVisualStudioVersion = 10.0.40219.1
Project("{FAE04EC0-301F-11D3-BF4B-00C04F79EFBC}") = "TReEDeCor", "TReEDeCor\TReEDeCor.csproj", "{81908E60-03E5-4A71-AE6C-F3F013F28C41}"
EndProject
Global
	GlobalSection(SolutionConfigurationPlatforms) = preSolution
		Debug|Any CPU = Debug|Any CPU
		Release|Any CPU = Release|Any CPU
	EndGlobalSection
	GlobalSection(ProjectConfigurationPlatforms) = postSolution
		{81908E60-03E5-4A71-AE6C-F3F013F28C41}.Debug|Any CPU.ActiveCfg = Debug|Any CPU
		{81908E60-03E5-4A71-AE6C-F3F013F28C41}.Debug|Any CPU.Build.0 = Debug|Any CPU
		{81908E60-03E5-4A71-AE6C-F3F013F28C41}.Release|Any CPU.ActiveCfg = Release|Any CPU
		{81908E60-03E5-4A71-AE6C-F3F013F28C41}.Release|Any CPU.Build.0 = Release|Any CPU
	EndGlobalSection
	GlobalSection(SolutionProperties) = preSolution
		HideSolutionNode = FALSE
	EndGlobalSection
	GlobalSection(ExtensibilityGlobals) = postSolution
		SolutionGuid = {BD408D73-AC12-4EB2-ACD7-99542C7CEAA3}
	EndGlobalSection
EndGlobal
